// !$*UTF8*$!
{
	archiveVersion = 1;
	classes = {
	};
	objectVersion = 56;
	objects = {

/* Begin PBXBuildFile section */
		20162835299A2CA800D0A5E5 /* LaunchScreenView.swift in Sources */ = {isa = PBXBuildFile; fileRef = 20162834299A2CA800D0A5E5 /* LaunchScreenView.swift */; };
		2016283D299DF9E800D0A5E5 /* launchScreen.json in Resources */ = {isa = PBXBuildFile; fileRef = 2016283C299DF9E800D0A5E5 /* launchScreen.json */; };
		20162840299DFC7300D0A5E5 /* OnboardingView.swift in Sources */ = {isa = PBXBuildFile; fileRef = 2016283F299DFC7300D0A5E5 /* OnboardingView.swift */; };
		20162844299DFCBB00D0A5E5 /* OnboardingPageView.swift in Sources */ = {isa = PBXBuildFile; fileRef = 20162843299DFCBB00D0A5E5 /* OnboardingPageView.swift */; };
		20162846299DFCF000D0A5E5 /* OnboardingPageModel.swift in Sources */ = {isa = PBXBuildFile; fileRef = 20162845299DFCF000D0A5E5 /* OnboardingPageModel.swift */; };
		2016284B299E118B00D0A5E5 /* hand.json in Resources */ = {isa = PBXBuildFile; fileRef = 2016284A299E118B00D0A5E5 /* hand.json */; };
		2016284E299FBC7500D0A5E5 /* properties.json in Resources */ = {isa = PBXBuildFile; fileRef = 2016284D299FBC7500D0A5E5 /* properties.json */; };
		201EBD0629B96EFF00B6C885 /* RecordViewModel.swift in Sources */ = {isa = PBXBuildFile; fileRef = 201EBD0529B96EFF00B6C885 /* RecordViewModel.swift */; };
		203D3E582990201D0050163B /* Lottie in Frameworks */ = {isa = PBXBuildFile; productRef = 203D3E572990201D0050163B /* Lottie */; };
		203D3E5B2990204A0050163B /* LottieView.swift in Sources */ = {isa = PBXBuildFile; fileRef = 203D3E5A2990204A0050163B /* LottieView.swift */; };
		203D3E5F2990F2CA0050163B /* speaking.json in Resources */ = {isa = PBXBuildFile; fileRef = 203D3E5E2990F2CA0050163B /* speaking.json */; };
		20421FBA29AE841C00310030 /* OnboadingViewModel.swift in Sources */ = {isa = PBXBuildFile; fileRef = 20421FB929AE841C00310030 /* OnboadingViewModel.swift */; };
		20DBD9CE298ECB0400BF882B /* ManToManApp.swift in Sources */ = {isa = PBXBuildFile; fileRef = 20DBD9CD298ECB0400BF882B /* ManToManApp.swift */; };
		20DBD9D0298ECB0400BF882B /* MainView.swift in Sources */ = {isa = PBXBuildFile; fileRef = 20DBD9CF298ECB0400BF882B /* MainView.swift */; };
		20DBD9D2298ECB0600BF882B /* Assets.xcassets in Resources */ = {isa = PBXBuildFile; fileRef = 20DBD9D1298ECB0600BF882B /* Assets.xcassets */; };
		20DBD9D5298ECB0600BF882B /* Preview Assets.xcassets in Resources */ = {isa = PBXBuildFile; fileRef = 20DBD9D4298ECB0600BF882B /* Preview Assets.xcassets */; };
		20DBD9E1298ECC3600BF882B /* RecentLog.xcdatamodeld in Sources */ = {isa = PBXBuildFile; fileRef = 20DBD9DF298ECC3600BF882B /* RecentLog.xcdatamodeld */; };
		20DBD9E4298ECC9200BF882B /* DataController.swift in Sources */ = {isa = PBXBuildFile; fileRef = 20DBD9E3298ECC9200BF882B /* DataController.swift */; };
		20DBD9E6298ECCC400BF882B /* MainModel.swift in Sources */ = {isa = PBXBuildFile; fileRef = 20DBD9E5298ECCC400BF882B /* MainModel.swift */; };
		20DBD9E8298ECCD800BF882B /* MainViewModel.swift in Sources */ = {isa = PBXBuildFile; fileRef = 20DBD9E7298ECCD800BF882B /* MainViewModel.swift */; };
		20DBD9EB298ECD1800BF882B /* ManToManAPI.swift in Sources */ = {isa = PBXBuildFile; fileRef = 20DBD9EA298ECD1800BF882B /* ManToManAPI.swift */; };
		20DBD9ED298ECD4B00BF882B /* RecordButtonView.swift in Sources */ = {isa = PBXBuildFile; fileRef = 20DBD9EC298ECD4B00BF882B /* RecordButtonView.swift */; };
		20DBD9EF298ECD6000BF882B /* LanguageSelectionView.swift in Sources */ = {isa = PBXBuildFile; fileRef = 20DBD9EE298ECD6000BF882B /* LanguageSelectionView.swift */; };
		20DBD9F6298ED89800BF882B /* FontExtension.swift in Sources */ = {isa = PBXBuildFile; fileRef = 20DBD9F5298ED89800BF882B /* FontExtension.swift */; };
		B22EC64C298FABCB0034977E /* LINESeedKR-Bd.otf in Resources */ = {isa = PBXBuildFile; fileRef = B22EC64A298FABCB0034977E /* LINESeedKR-Bd.otf */; };
		B22EC64D298FABCB0034977E /* LINESeedKR-Rg.otf in Resources */ = {isa = PBXBuildFile; fileRef = B22EC64B298FABCB0034977E /* LINESeedKR-Rg.otf */; };
		B22EC650298FAC0D0034977E /* LINESeedJP_A_OTF_Bd.otf in Resources */ = {isa = PBXBuildFile; fileRef = B22EC64F298FAC0D0034977E /* LINESeedJP_A_OTF_Bd.otf */; };
		B22EC652298FAC270034977E /* LINESeedSans_A_Bd.otf in Resources */ = {isa = PBXBuildFile; fileRef = B22EC651298FAC270034977E /* LINESeedSans_A_Bd.otf */; };
		B22EC655298FAF230034977E /* UIExtension.swift in Sources */ = {isa = PBXBuildFile; fileRef = B22EC654298FAF230034977E /* UIExtension.swift */; };
		B22EC657298FAFD00034977E /* ColorExtension.swift in Sources */ = {isa = PBXBuildFile; fileRef = B22EC656298FAFD00034977E /* ColorExtension.swift */; };
/* End PBXBuildFile section */

/* Begin PBXFileReference section */
		20162834299A2CA800D0A5E5 /* LaunchScreenView.swift */ = {isa = PBXFileReference; lastKnownFileType = sourcecode.swift; path = LaunchScreenView.swift; sourceTree = "<group>"; };
		2016283C299DF9E800D0A5E5 /* launchScreen.json */ = {isa = PBXFileReference; fileEncoding = 4; lastKnownFileType = text.json; path = launchScreen.json; sourceTree = "<group>"; };
		2016283F299DFC7300D0A5E5 /* OnboardingView.swift */ = {isa = PBXFileReference; lastKnownFileType = sourcecode.swift; path = OnboardingView.swift; sourceTree = "<group>"; };
		20162843299DFCBB00D0A5E5 /* OnboardingPageView.swift */ = {isa = PBXFileReference; lastKnownFileType = sourcecode.swift; path = OnboardingPageView.swift; sourceTree = "<group>"; };
		20162845299DFCF000D0A5E5 /* OnboardingPageModel.swift */ = {isa = PBXFileReference; lastKnownFileType = sourcecode.swift; path = OnboardingPageModel.swift; sourceTree = "<group>"; };
		2016284A299E118B00D0A5E5 /* hand.json */ = {isa = PBXFileReference; fileEncoding = 4; lastKnownFileType = text.json; path = hand.json; sourceTree = "<group>"; };
		2016284D299FBC7500D0A5E5 /* properties.json */ = {isa = PBXFileReference; lastKnownFileType = text.json; path = properties.json; sourceTree = "<group>"; };
		201EBD0529B96EFF00B6C885 /* RecordViewModel.swift */ = {isa = PBXFileReference; lastKnownFileType = sourcecode.swift; path = RecordViewModel.swift; sourceTree = "<group>"; };
		203D3E5A2990204A0050163B /* LottieView.swift */ = {isa = PBXFileReference; lastKnownFileType = sourcecode.swift; path = LottieView.swift; sourceTree = "<group>"; };
		203D3E5E2990F2CA0050163B /* speaking.json */ = {isa = PBXFileReference; fileEncoding = 4; lastKnownFileType = text.json; path = speaking.json; sourceTree = "<group>"; };
		20421FB929AE841C00310030 /* OnboadingViewModel.swift */ = {isa = PBXFileReference; lastKnownFileType = sourcecode.swift; path = OnboadingViewModel.swift; sourceTree = "<group>"; };
		20DBD9CA298ECB0400BF882B /* ManToMan.app */ = {isa = PBXFileReference; explicitFileType = wrapper.application; includeInIndex = 0; path = ManToMan.app; sourceTree = BUILT_PRODUCTS_DIR; };
		20DBD9CD298ECB0400BF882B /* ManToManApp.swift */ = {isa = PBXFileReference; lastKnownFileType = sourcecode.swift; path = ManToManApp.swift; sourceTree = "<group>"; };
		20DBD9CF298ECB0400BF882B /* MainView.swift */ = {isa = PBXFileReference; lastKnownFileType = sourcecode.swift; path = MainView.swift; sourceTree = "<group>"; };
		20DBD9D1298ECB0600BF882B /* Assets.xcassets */ = {isa = PBXFileReference; lastKnownFileType = folder.assetcatalog; path = Assets.xcassets; sourceTree = "<group>"; };
		20DBD9D4298ECB0600BF882B /* Preview Assets.xcassets */ = {isa = PBXFileReference; lastKnownFileType = folder.assetcatalog; path = "Preview Assets.xcassets"; sourceTree = "<group>"; };
		20DBD9E0298ECC3600BF882B /* RecentLog.xcdatamodel */ = {isa = PBXFileReference; lastKnownFileType = wrapper.xcdatamodel; path = RecentLog.xcdatamodel; sourceTree = "<group>"; };
		20DBD9E3298ECC9200BF882B /* DataController.swift */ = {isa = PBXFileReference; lastKnownFileType = sourcecode.swift; path = DataController.swift; sourceTree = "<group>"; };
		20DBD9E5298ECCC400BF882B /* MainModel.swift */ = {isa = PBXFileReference; lastKnownFileType = sourcecode.swift; path = MainModel.swift; sourceTree = "<group>"; };
		20DBD9E7298ECCD800BF882B /* MainViewModel.swift */ = {isa = PBXFileReference; lastKnownFileType = sourcecode.swift; path = MainViewModel.swift; sourceTree = "<group>"; };
		20DBD9EA298ECD1800BF882B /* ManToManAPI.swift */ = {isa = PBXFileReference; lastKnownFileType = sourcecode.swift; path = ManToManAPI.swift; sourceTree = "<group>"; };
		20DBD9EC298ECD4B00BF882B /* RecordButtonView.swift */ = {isa = PBXFileReference; lastKnownFileType = sourcecode.swift; path = RecordButtonView.swift; sourceTree = "<group>"; };
		20DBD9EE298ECD6000BF882B /* LanguageSelectionView.swift */ = {isa = PBXFileReference; lastKnownFileType = sourcecode.swift; path = LanguageSelectionView.swift; sourceTree = "<group>"; };
		20DBD9F5298ED89800BF882B /* FontExtension.swift */ = {isa = PBXFileReference; lastKnownFileType = sourcecode.swift; path = FontExtension.swift; sourceTree = "<group>"; };
		B22EC64A298FABCB0034977E /* LINESeedKR-Bd.otf */ = {isa = PBXFileReference; lastKnownFileType = file; path = "LINESeedKR-Bd.otf"; sourceTree = "<group>"; };
		B22EC64B298FABCB0034977E /* LINESeedKR-Rg.otf */ = {isa = PBXFileReference; lastKnownFileType = file; path = "LINESeedKR-Rg.otf"; sourceTree = "<group>"; };
		B22EC64F298FAC0D0034977E /* LINESeedJP_A_OTF_Bd.otf */ = {isa = PBXFileReference; lastKnownFileType = file; path = LINESeedJP_A_OTF_Bd.otf; sourceTree = "<group>"; };
		B22EC651298FAC270034977E /* LINESeedSans_A_Bd.otf */ = {isa = PBXFileReference; lastKnownFileType = file; path = LINESeedSans_A_Bd.otf; sourceTree = "<group>"; };
		B22EC653298FAC380034977E /* Info.plist */ = {isa = PBXFileReference; lastKnownFileType = text.plist; path = Info.plist; sourceTree = "<group>"; };
		B22EC654298FAF230034977E /* UIExtension.swift */ = {isa = PBXFileReference; fileEncoding = 4; lastKnownFileType = sourcecode.swift; path = UIExtension.swift; sourceTree = "<group>"; };
		B22EC656298FAFD00034977E /* ColorExtension.swift */ = {isa = PBXFileReference; lastKnownFileType = sourcecode.swift; path = ColorExtension.swift; sourceTree = "<group>"; };
/* End PBXFileReference section */

/* Begin PBXFrameworksBuildPhase section */
		20DBD9C7298ECB0400BF882B /* Frameworks */ = {
			isa = PBXFrameworksBuildPhase;
			buildActionMask = 2147483647;
			files = (
				203D3E582990201D0050163B /* Lottie in Frameworks */,
			);
			runOnlyForDeploymentPostprocessing = 0;
		};
/* End PBXFrameworksBuildPhase section */

/* Begin PBXGroup section */
		2016283E299DFC5000D0A5E5 /* Onboarding */ = {
			isa = PBXGroup;
			children = (
				2016283F299DFC7300D0A5E5 /* OnboardingView.swift */,
				20162843299DFCBB00D0A5E5 /* OnboardingPageView.swift */,
			);
			path = Onboarding;
			sourceTree = "<group>";
		};
		20162841299DFC7C00D0A5E5 /* Main */ = {
			isa = PBXGroup;
			children = (
				20DBD9CF298ECB0400BF882B /* MainView.swift */,
				20DBD9EC298ECD4B00BF882B /* RecordButtonView.swift */,
				20DBD9EE298ECD6000BF882B /* LanguageSelectionView.swift */,
			);
			path = Main;
			sourceTree = "<group>";
		};
		20162842299DFC8C00D0A5E5 /* LaunchScreen */ = {
			isa = PBXGroup;
			children = (
				20162834299A2CA800D0A5E5 /* LaunchScreenView.swift */,
			);
			path = LaunchScreen;
			sourceTree = "<group>";
		};
		2016284C299FBC5C00D0A5E5 /* Properties */ = {
			isa = PBXGroup;
			children = (
				2016284D299FBC7500D0A5E5 /* properties.json */,
			);
			path = Properties;
			sourceTree = "<group>";
		};
		203D3E592990203A0050163B /* Lottie */ = {
			isa = PBXGroup;
			children = (
				2016284A299E118B00D0A5E5 /* hand.json */,
				2016283C299DF9E800D0A5E5 /* launchScreen.json */,
				203D3E5E2990F2CA0050163B /* speaking.json */,
				203D3E5A2990204A0050163B /* LottieView.swift */,
			);
			path = Lottie;
			sourceTree = "<group>";
		};
		20DBD9C1298ECB0400BF882B = {
			isa = PBXGroup;
			children = (
				20DBD9CC298ECB0400BF882B /* ManToMan */,
				20DBD9CB298ECB0400BF882B /* Products */,
			);
			sourceTree = "<group>";
		};
		20DBD9CB298ECB0400BF882B /* Products */ = {
			isa = PBXGroup;
			children = (
				20DBD9CA298ECB0400BF882B /* ManToMan.app */,
			);
			name = Products;
			sourceTree = "<group>";
		};
		20DBD9CC298ECB0400BF882B /* ManToMan */ = {
			isa = PBXGroup;
			children = (
				2016284C299FBC5C00D0A5E5 /* Properties */,
				203D3E592990203A0050163B /* Lottie */,
				B22EC653298FAC380034977E /* Info.plist */,
				B22EC64E298FABD30034977E /* Font */,
				20DBD9F4298ED87900BF882B /* Extensions */,
				20DBD9E9298ECCFE00BF882B /* Utilities */,
				20DBD9DE298ECC1200BF882B /* App */,
				20DBD9DD298ECB3B00BF882B /* Model */,
				20DBD9DC298ECB3100BF882B /* ViewModel */,
				20DBD9DB298ECB0E00BF882B /* View */,
				20DBD9D1298ECB0600BF882B /* Assets.xcassets */,
				20DBD9D3298ECB0600BF882B /* Preview Content */,
			);
			path = ManToMan;
			sourceTree = "<group>";
		};
		20DBD9D3298ECB0600BF882B /* Preview Content */ = {
			isa = PBXGroup;
			children = (
				20DBD9D4298ECB0600BF882B /* Preview Assets.xcassets */,
			);
			path = "Preview Content";
			sourceTree = "<group>";
		};
		20DBD9DB298ECB0E00BF882B /* View */ = {
			isa = PBXGroup;
			children = (
				20162841299DFC7C00D0A5E5 /* Main */,
				20162842299DFC8C00D0A5E5 /* LaunchScreen */,
				2016283E299DFC5000D0A5E5 /* Onboarding */,
			);
			path = View;
			sourceTree = "<group>";
		};
		20DBD9DC298ECB3100BF882B /* ViewModel */ = {
			isa = PBXGroup;
			children = (
				20DBD9E7298ECCD800BF882B /* MainViewModel.swift */,
				20421FB929AE841C00310030 /* OnboadingViewModel.swift */,
				201EBD0529B96EFF00B6C885 /* RecordViewModel.swift */,
			);
			path = ViewModel;
			sourceTree = "<group>";
		};
		20DBD9DD298ECB3B00BF882B /* Model */ = {
			isa = PBXGroup;
			children = (
				20DBD9DF298ECC3600BF882B /* RecentLog.xcdatamodeld */,
				20DBD9E3298ECC9200BF882B /* DataController.swift */,
				20DBD9E5298ECCC400BF882B /* MainModel.swift */,
				20162845299DFCF000D0A5E5 /* OnboardingPageModel.swift */,
			);
			path = Model;
			sourceTree = "<group>";
		};
		20DBD9DE298ECC1200BF882B /* App */ = {
			isa = PBXGroup;
			children = (
				20DBD9CD298ECB0400BF882B /* ManToManApp.swift */,
			);
			path = App;
			sourceTree = "<group>";
		};
		20DBD9E9298ECCFE00BF882B /* Utilities */ = {
			isa = PBXGroup;
			children = (
				20DBD9EA298ECD1800BF882B /* ManToManAPI.swift */,
			);
			path = Utilities;
			sourceTree = "<group>";
		};
		20DBD9F4298ED87900BF882B /* Extensions */ = {
			isa = PBXGroup;
			children = (
				B22EC654298FAF230034977E /* UIExtension.swift */,
				20DBD9F5298ED89800BF882B /* FontExtension.swift */,
				B22EC656298FAFD00034977E /* ColorExtension.swift */,
			);
			path = Extensions;
			sourceTree = "<group>";
		};
		B22EC64E298FABD30034977E /* Font */ = {
			isa = PBXGroup;
			children = (
				B22EC651298FAC270034977E /* LINESeedSans_A_Bd.otf */,
				B22EC64F298FAC0D0034977E /* LINESeedJP_A_OTF_Bd.otf */,
				B22EC64A298FABCB0034977E /* LINESeedKR-Bd.otf */,
				B22EC64B298FABCB0034977E /* LINESeedKR-Rg.otf */,
			);
			path = Font;
			sourceTree = "<group>";
		};
/* End PBXGroup section */

/* Begin PBXNativeTarget section */
		20DBD9C9298ECB0400BF882B /* ManToMan */ = {
			isa = PBXNativeTarget;
			buildConfigurationList = 20DBD9D8298ECB0600BF882B /* Build configuration list for PBXNativeTarget "ManToMan" */;
			buildPhases = (
				20DBD9C6298ECB0400BF882B /* Sources */,
				20DBD9C7298ECB0400BF882B /* Frameworks */,
				20DBD9C8298ECB0400BF882B /* Resources */,
			);
			buildRules = (
			);
			dependencies = (
			);
			name = ManToMan;
			packageProductDependencies = (
				203D3E572990201D0050163B /* Lottie */,
			);
			productName = ManToMan;
			productReference = 20DBD9CA298ECB0400BF882B /* ManToMan.app */;
			productType = "com.apple.product-type.application";
		};
/* End PBXNativeTarget section */

/* Begin PBXProject section */
		20DBD9C2298ECB0400BF882B /* Project object */ = {
			isa = PBXProject;
			attributes = {
				BuildIndependentTargetsInParallel = 1;
				LastSwiftUpdateCheck = 1400;
				LastUpgradeCheck = 1400;
				TargetAttributes = {
					20DBD9C9298ECB0400BF882B = {
						CreatedOnToolsVersion = 14.0.1;
					};
				};
			};
			buildConfigurationList = 20DBD9C5298ECB0400BF882B /* Build configuration list for PBXProject "ManToMan" */;
			compatibilityVersion = "Xcode 14.0";
			developmentRegion = en;
			hasScannedForEncodings = 0;
			knownRegions = (
				en,
				Base,
				ko,
			);
			mainGroup = 20DBD9C1298ECB0400BF882B;
			packageReferences = (
				203D3E562990201D0050163B /* XCRemoteSwiftPackageReference "lottie-ios" */,
			);
			productRefGroup = 20DBD9CB298ECB0400BF882B /* Products */;
			projectDirPath = "";
			projectRoot = "";
			targets = (
				20DBD9C9298ECB0400BF882B /* ManToMan */,
			);
		};
/* End PBXProject section */

/* Begin PBXResourcesBuildPhase section */
		20DBD9C8298ECB0400BF882B /* Resources */ = {
			isa = PBXResourcesBuildPhase;
			buildActionMask = 2147483647;
			files = (
				2016284B299E118B00D0A5E5 /* hand.json in Resources */,
				B22EC64D298FABCB0034977E /* LINESeedKR-Rg.otf in Resources */,
				B22EC652298FAC270034977E /* LINESeedSans_A_Bd.otf in Resources */,
				2016283D299DF9E800D0A5E5 /* launchScreen.json in Resources */,
				B22EC64C298FABCB0034977E /* LINESeedKR-Bd.otf in Resources */,
				20DBD9D5298ECB0600BF882B /* Preview Assets.xcassets in Resources */,
				B22EC650298FAC0D0034977E /* LINESeedJP_A_OTF_Bd.otf in Resources */,
				203D3E5F2990F2CA0050163B /* speaking.json in Resources */,
				2016284E299FBC7500D0A5E5 /* properties.json in Resources */,
				20DBD9D2298ECB0600BF882B /* Assets.xcassets in Resources */,
			);
			runOnlyForDeploymentPostprocessing = 0;
		};
/* End PBXResourcesBuildPhase section */

/* Begin PBXSourcesBuildPhase section */
		20DBD9C6298ECB0400BF882B /* Sources */ = {
			isa = PBXSourcesBuildPhase;
			buildActionMask = 2147483647;
			files = (
				20DBD9EF298ECD6000BF882B /* LanguageSelectionView.swift in Sources */,
				B22EC655298FAF230034977E /* UIExtension.swift in Sources */,
				20DBD9E4298ECC9200BF882B /* DataController.swift in Sources */,
				20DBD9E1298ECC3600BF882B /* RecentLog.xcdatamodeld in Sources */,
				20DBD9D0298ECB0400BF882B /* MainView.swift in Sources */,
				20162835299A2CA800D0A5E5 /* LaunchScreenView.swift in Sources */,
				B22EC657298FAFD00034977E /* ColorExtension.swift in Sources */,
				20DBD9CE298ECB0400BF882B /* ManToManApp.swift in Sources */,
				20162844299DFCBB00D0A5E5 /* OnboardingPageView.swift in Sources */,
				20DBD9EB298ECD1800BF882B /* ManToManAPI.swift in Sources */,
				20DBD9E6298ECCC400BF882B /* MainModel.swift in Sources */,
				201EBD0629B96EFF00B6C885 /* RecordViewModel.swift in Sources */,
				20DBD9E8298ECCD800BF882B /* MainViewModel.swift in Sources */,
				20421FBA29AE841C00310030 /* OnboadingViewModel.swift in Sources */,
				203D3E5B2990204A0050163B /* LottieView.swift in Sources */,
				20162840299DFC7300D0A5E5 /* OnboardingView.swift in Sources */,
				20DBD9ED298ECD4B00BF882B /* RecordButtonView.swift in Sources */,
				20DBD9F6298ED89800BF882B /* FontExtension.swift in Sources */,
				20162846299DFCF000D0A5E5 /* OnboardingPageModel.swift in Sources */,
			);
			runOnlyForDeploymentPostprocessing = 0;
		};
/* End PBXSourcesBuildPhase section */

/* Begin XCBuildConfiguration section */
		20DBD9D6298ECB0600BF882B /* Debug */ = {
			isa = XCBuildConfiguration;
			buildSettings = {
				ALWAYS_SEARCH_USER_PATHS = NO;
				CLANG_ANALYZER_NONNULL = YES;
				CLANG_ANALYZER_NUMBER_OBJECT_CONVERSION = YES_AGGRESSIVE;
				CLANG_CXX_LANGUAGE_STANDARD = "gnu++20";
				CLANG_ENABLE_MODULES = YES;
				CLANG_ENABLE_OBJC_ARC = YES;
				CLANG_ENABLE_OBJC_WEAK = YES;
				CLANG_WARN_BLOCK_CAPTURE_AUTORELEASING = YES;
				CLANG_WARN_BOOL_CONVERSION = YES;
				CLANG_WARN_COMMA = YES;
				CLANG_WARN_CONSTANT_CONVERSION = YES;
				CLANG_WARN_DEPRECATED_OBJC_IMPLEMENTATIONS = YES;
				CLANG_WARN_DIRECT_OBJC_ISA_USAGE = YES_ERROR;
				CLANG_WARN_DOCUMENTATION_COMMENTS = YES;
				CLANG_WARN_EMPTY_BODY = YES;
				CLANG_WARN_ENUM_CONVERSION = YES;
				CLANG_WARN_INFINITE_RECURSION = YES;
				CLANG_WARN_INT_CONVERSION = YES;
				CLANG_WARN_NON_LITERAL_NULL_CONVERSION = YES;
				CLANG_WARN_OBJC_IMPLICIT_RETAIN_SELF = YES;
				CLANG_WARN_OBJC_LITERAL_CONVERSION = YES;
				CLANG_WARN_OBJC_ROOT_CLASS = YES_ERROR;
				CLANG_WARN_QUOTED_INCLUDE_IN_FRAMEWORK_HEADER = YES;
				CLANG_WARN_RANGE_LOOP_ANALYSIS = YES;
				CLANG_WARN_STRICT_PROTOTYPES = YES;
				CLANG_WARN_SUSPICIOUS_MOVE = YES;
				CLANG_WARN_UNGUARDED_AVAILABILITY = YES_AGGRESSIVE;
				CLANG_WARN_UNREACHABLE_CODE = YES;
				CLANG_WARN__DUPLICATE_METHOD_MATCH = YES;
				COPY_PHASE_STRIP = NO;
				DEBUG_INFORMATION_FORMAT = dwarf;
				ENABLE_STRICT_OBJC_MSGSEND = YES;
				ENABLE_TESTABILITY = YES;
				GCC_C_LANGUAGE_STANDARD = gnu11;
				GCC_DYNAMIC_NO_PIC = NO;
				GCC_NO_COMMON_BLOCKS = YES;
				GCC_OPTIMIZATION_LEVEL = 0;
				GCC_PREPROCESSOR_DEFINITIONS = (
					"DEBUG=1",
					"$(inherited)",
				);
				GCC_WARN_64_TO_32_BIT_CONVERSION = YES;
				GCC_WARN_ABOUT_RETURN_TYPE = YES_ERROR;
				GCC_WARN_UNDECLARED_SELECTOR = YES;
				GCC_WARN_UNINITIALIZED_AUTOS = YES_AGGRESSIVE;
				GCC_WARN_UNUSED_FUNCTION = YES;
				GCC_WARN_UNUSED_VARIABLE = YES;
				IPHONEOS_DEPLOYMENT_TARGET = 16.0;
				MTL_ENABLE_DEBUG_INFO = INCLUDE_SOURCE;
				MTL_FAST_MATH = YES;
				ONLY_ACTIVE_ARCH = YES;
				PRODUCT_NAME = "맨투맨";
				SDKROOT = iphoneos;
				SWIFT_ACTIVE_COMPILATION_CONDITIONS = DEBUG;
				SWIFT_OPTIMIZATION_LEVEL = "-Onone";
			};
			name = Debug;
		};
		20DBD9D7298ECB0600BF882B /* Release */ = {
			isa = XCBuildConfiguration;
			buildSettings = {
				ALWAYS_SEARCH_USER_PATHS = NO;
				CLANG_ANALYZER_NONNULL = YES;
				CLANG_ANALYZER_NUMBER_OBJECT_CONVERSION = YES_AGGRESSIVE;
				CLANG_CXX_LANGUAGE_STANDARD = "gnu++20";
				CLANG_ENABLE_MODULES = YES;
				CLANG_ENABLE_OBJC_ARC = YES;
				CLANG_ENABLE_OBJC_WEAK = YES;
				CLANG_WARN_BLOCK_CAPTURE_AUTORELEASING = YES;
				CLANG_WARN_BOOL_CONVERSION = YES;
				CLANG_WARN_COMMA = YES;
				CLANG_WARN_CONSTANT_CONVERSION = YES;
				CLANG_WARN_DEPRECATED_OBJC_IMPLEMENTATIONS = YES;
				CLANG_WARN_DIRECT_OBJC_ISA_USAGE = YES_ERROR;
				CLANG_WARN_DOCUMENTATION_COMMENTS = YES;
				CLANG_WARN_EMPTY_BODY = YES;
				CLANG_WARN_ENUM_CONVERSION = YES;
				CLANG_WARN_INFINITE_RECURSION = YES;
				CLANG_WARN_INT_CONVERSION = YES;
				CLANG_WARN_NON_LITERAL_NULL_CONVERSION = YES;
				CLANG_WARN_OBJC_IMPLICIT_RETAIN_SELF = YES;
				CLANG_WARN_OBJC_LITERAL_CONVERSION = YES;
				CLANG_WARN_OBJC_ROOT_CLASS = YES_ERROR;
				CLANG_WARN_QUOTED_INCLUDE_IN_FRAMEWORK_HEADER = YES;
				CLANG_WARN_RANGE_LOOP_ANALYSIS = YES;
				CLANG_WARN_STRICT_PROTOTYPES = YES;
				CLANG_WARN_SUSPICIOUS_MOVE = YES;
				CLANG_WARN_UNGUARDED_AVAILABILITY = YES_AGGRESSIVE;
				CLANG_WARN_UNREACHABLE_CODE = YES;
				CLANG_WARN__DUPLICATE_METHOD_MATCH = YES;
				COPY_PHASE_STRIP = NO;
				DEBUG_INFORMATION_FORMAT = "dwarf-with-dsym";
				ENABLE_NS_ASSERTIONS = NO;
				ENABLE_STRICT_OBJC_MSGSEND = YES;
				GCC_C_LANGUAGE_STANDARD = gnu11;
				GCC_NO_COMMON_BLOCKS = YES;
				GCC_WARN_64_TO_32_BIT_CONVERSION = YES;
				GCC_WARN_ABOUT_RETURN_TYPE = YES_ERROR;
				GCC_WARN_UNDECLARED_SELECTOR = YES;
				GCC_WARN_UNINITIALIZED_AUTOS = YES_AGGRESSIVE;
				GCC_WARN_UNUSED_FUNCTION = YES;
				GCC_WARN_UNUSED_VARIABLE = YES;
				IPHONEOS_DEPLOYMENT_TARGET = 16.0;
				MTL_ENABLE_DEBUG_INFO = NO;
				MTL_FAST_MATH = YES;
				PRODUCT_NAME = "맨투맨";
				SDKROOT = iphoneos;
				SWIFT_COMPILATION_MODE = wholemodule;
				SWIFT_OPTIMIZATION_LEVEL = "-O";
				VALIDATE_PRODUCT = YES;
			};
			name = Release;
		};
		20DBD9D9298ECB0600BF882B /* Debug */ = {
			isa = XCBuildConfiguration;
			buildSettings = {
				ASSETCATALOG_COMPILER_APPICON_NAME = AppIcon;
				ASSETCATALOG_COMPILER_GLOBAL_ACCENT_COLOR_NAME = AccentColor;
				CODE_SIGN_STYLE = Automatic;
				CURRENT_PROJECT_VERSION = 1;
				DEVELOPMENT_ASSET_PATHS = "\"ManToMan/Preview Content\"";
				DEVELOPMENT_TEAM = Y6P5ZFWBM8;
				ENABLE_PREVIEWS = YES;
				GENERATE_INFOPLIST_FILE = YES;
				INFOPLIST_FILE = ManToMan/Info.plist;
				INFOPLIST_KEY_CFBundleDisplayName = "맨투맨";
				INFOPLIST_KEY_LSApplicationCategoryType = "public.app-category.productivity";
				INFOPLIST_KEY_NSMicrophoneUsageDescription = "음성 번역을 위해 마이크 사용을 허가해주세요.";
				INFOPLIST_KEY_NSSpeechRecognitionUsageDescription = "음성 번역을 위해 권한을 허가해주세요.";
				INFOPLIST_KEY_UIApplicationSceneManifest_Generation = YES;
				INFOPLIST_KEY_UIApplicationSupportsIndirectInputEvents = YES;
				INFOPLIST_KEY_UILaunchScreen_Generation = YES;
				INFOPLIST_KEY_UISupportedInterfaceOrientations = UIInterfaceOrientationPortrait;
				INFOPLIST_KEY_UIUserInterfaceStyle = Light;
				IPHONEOS_DEPLOYMENT_TARGET = 16.0;
				LD_RUNPATH_SEARCH_PATHS = (
					"$(inherited)",
					"@executable_path/Frameworks",
				);
				MARKETING_VERSION = 1.0.4;
				PRODUCT_BUNDLE_IDENTIFIER = com.Kyubo.ManToMan;
				PRODUCT_NAME = "$(TARGET_NAME)";
				SUPPORTED_PLATFORMS = "iphoneos iphonesimulator";
				SUPPORTS_MACCATALYST = NO;
				SUPPORTS_MAC_DESIGNED_FOR_IPHONE_IPAD = NO;
				SWIFT_EMIT_LOC_STRINGS = YES;
				SWIFT_VERSION = 5.0;
				TARGETED_DEVICE_FAMILY = 1;
			};
			name = Debug;
		};
		20DBD9DA298ECB0600BF882B /* Release */ = {
			isa = XCBuildConfiguration;
			buildSettings = {
				ASSETCATALOG_COMPILER_APPICON_NAME = AppIcon;
				ASSETCATALOG_COMPILER_GLOBAL_ACCENT_COLOR_NAME = AccentColor;
				CODE_SIGN_STYLE = Automatic;
				CURRENT_PROJECT_VERSION = 1;
				DEVELOPMENT_ASSET_PATHS = "\"ManToMan/Preview Content\"";
				DEVELOPMENT_TEAM = Y6P5ZFWBM8;
				ENABLE_PREVIEWS = YES;
				GENERATE_INFOPLIST_FILE = YES;
				INFOPLIST_FILE = ManToMan/Info.plist;
				INFOPLIST_KEY_CFBundleDisplayName = "맨투맨";
				INFOPLIST_KEY_LSApplicationCategoryType = "public.app-category.productivity";
				INFOPLIST_KEY_NSMicrophoneUsageDescription = "음성 번역을 위해 마이크 사용을 허가해주세요.";
				INFOPLIST_KEY_NSSpeechRecognitionUsageDescription = "음성 번역을 위해 권한을 허가해주세요.";
				INFOPLIST_KEY_UIApplicationSceneManifest_Generation = YES;
				INFOPLIST_KEY_UIApplicationSupportsIndirectInputEvents = YES;
				INFOPLIST_KEY_UILaunchScreen_Generation = YES;
				INFOPLIST_KEY_UISupportedInterfaceOrientations = UIInterfaceOrientationPortrait;
				INFOPLIST_KEY_UIUserInterfaceStyle = Light;
				IPHONEOS_DEPLOYMENT_TARGET = 16.0;
				LD_RUNPATH_SEARCH_PATHS = (
					"$(inherited)",
					"@executable_path/Frameworks",
				);
				MARKETING_VERSION = 1.0.4;
				PRODUCT_BUNDLE_IDENTIFIER = com.Kyubo.ManToMan;
				PRODUCT_NAME = "$(TARGET_NAME)";
				SUPPORTED_PLATFORMS = "iphoneos iphonesimulator";
				SUPPORTS_MACCATALYST = NO;
				SUPPORTS_MAC_DESIGNED_FOR_IPHONE_IPAD = NO;
				SWIFT_EMIT_LOC_STRINGS = YES;
				SWIFT_VERSION = 5.0;
				TARGETED_DEVICE_FAMILY = 1;
			};
			name = Release;
		};
/* End XCBuildConfiguration section */

/* Begin XCConfigurationList section */
		20DBD9C5298ECB0400BF882B /* Build configuration list for PBXProject "ManToMan" */ = {
			isa = XCConfigurationList;
			buildConfigurations = (
				20DBD9D6298ECB0600BF882B /* Debug */,
				20DBD9D7298ECB0600BF882B /* Release */,
			);
			defaultConfigurationIsVisible = 0;
			defaultConfigurationName = Release;
		};
		20DBD9D8298ECB0600BF882B /* Build configuration list for PBXNativeTarget "ManToMan" */ = {
			isa = XCConfigurationList;
			buildConfigurations = (
				20DBD9D9298ECB0600BF882B /* Debug */,
				20DBD9DA298ECB0600BF882B /* Release */,
			);
			defaultConfigurationIsVisible = 0;
			defaultConfigurationName = Release;
		};
/* End XCConfigurationList section */

/* Begin XCRemoteSwiftPackageReference section */
		203D3E562990201D0050163B /* XCRemoteSwiftPackageReference "lottie-ios" */ = {
			isa = XCRemoteSwiftPackageReference;
			repositoryURL = "https://github.com/airbnb/lottie-ios.git";
			requirement = {
				branch = master;
				kind = branch;
			};
		};
/* End XCRemoteSwiftPackageReference section */

/* Begin XCSwiftPackageProductDependency section */
		203D3E572990201D0050163B /* Lottie */ = {
			isa = XCSwiftPackageProductDependency;
			package = 203D3E562990201D0050163B /* XCRemoteSwiftPackageReference "lottie-ios" */;
			productName = Lottie;
		};
/* End XCSwiftPackageProductDependency section */

/* Begin XCVersionGroup section */
		20DBD9DF298ECC3600BF882B /* RecentLog.xcdatamodeld */ = {
			isa = XCVersionGroup;
			children = (
				20DBD9E0298ECC3600BF882B /* RecentLog.xcdatamodel */,
			);
			currentVersion = 20DBD9E0298ECC3600BF882B /* RecentLog.xcdatamodel */;
			path = RecentLog.xcdatamodeld;
			sourceTree = "<group>";
			versionGroupType = wrapper.xcdatamodel;
		};
/* End XCVersionGroup section */
	};
	rootObject = 20DBD9C2298ECB0400BF882B /* Project object */;
}
